{
    "_readme": [
        "This file locks the dependencies of your project to a known state",
        "Read more about it at http://getcomposer.org/doc/01-basic-usage.md#composer-lock-the-lock-file"
    ],
    "hash": "e8129f1fc49d2e79fe930bb0ef79a8d3",
    "packages": [
        {
            "name": "tedivm/stash",
            "version": "v0.11.6",
            "source": {
                "type": "git",
                "url": "https://github.com/tedivm/Stash.git",
                "reference": "4a99597aa2fc363b321ff90ab1a781e1cd6b5491"
            },
            "dist": {
                "type": "zip",
                "url": "https://api.github.com/repos/tedivm/Stash/zipball/4a99597aa2fc363b321ff90ab1a781e1cd6b5491",
                "reference": "4a99597aa2fc363b321ff90ab1a781e1cd6b5491",
                "shasum": ""
            },
            "require": {
                "php": ">=5.3.0"
            },
            "require-dev": {
                "phpunit/phpunit": "3.7.*"
            },
            "type": "library",
            "autoload": {
                "psr-0": {
                    "Stash": "src/"
                }
            },
            "notification-url": "https://packagist.org/downloads/",
            "license": [
                "BSD-3-Clause"
            ],
            "authors": [
                {
                    "name": "Robert Hafner",
                    "email": "tedivm@tedivm.com"
                },
                {
                    "name": "Josh Hall-Bachner",
                    "email": "charlequin@gmail.com"
                }
            ],
            "description": "The place to keep your cache.",
            "homepage": "http://github.com/tedivm/Stash",
            "keywords": [
                "apc",
                "cache",
                "caching",
                "memcached",
                "redis",
                "sessions"
            ],
            "time": "2014-03-30 06:32:48"
        }
    ],
    "packages-dev": [

    ],
    "aliases": [

    ],
    "minimum-stability": "stable",
    "stability-flags": [

    ],
    "platform": {
        "php": ">=5.4.0"
    },
    "platform-dev": [

    ]
}
