{
    "_readme": [
        "This file locks the dependencies of your project to a known state",
        "Read more about it at http://getcomposer.org/doc/01-basic-usage.md#composer-lock-the-lock-file"
    ],
    "hash": "fffa127be34ed3375f7916fdb2715387",
    "packages": [
        {
            "name": "tedivm/stash",
            "version": "v0.10.5",
            "source": {
                "type": "git",
                "url": "https://github.com/tedivm/Stash.git",
                "reference": "8a337d73226886972cdb8b4ebef5cff06937d25f"
            },
            "dist": {
                "type": "zip",
                "url": "https://api.github.com/repos/tedivm/Stash/zipball/8a337d73226886972cdb8b4ebef5cff06937d25f",
                "reference": "8a337d73226886972cdb8b4ebef5cff06937d25f",
                "shasum": ""
            },
            "require": {
                "php": ">=5.3.0"
            },
            "type": "library",
            "autoload": {
                "psr-0": {
                    "Stash": "src/"
                }
            },
            "notification-url": "https://packagist.org/downloads/",
            "license": [
                "BSD-3-Clause"
            ],
            "authors": [
                {
                    "name": "Robert Hafner",
                    "email": "tedivm@tedivm.com"
                },
                {
                    "name": "Josh Hall-Bachner",
                    "email": "charlequin@gmail.com"
                }
            ],
            "description": "A place to keep your cache",
            "homepage": "http://github.com/tedivm/Stash",
            "keywords": [
                "caching",
                "performance",
                "scalability",
                "sessions"
            ],
            "time": "2013-06-21 04:09:01"
        }
    ],
    "packages-dev": [

    ],
    "aliases": [

    ],
    "minimum-stability": "stable",
    "stability-flags": [

    ],
    "platform": {
        "php": ">=5.3.0"
    },
    "platform-dev": [

    ]
}
